
Microsoft Visual Studio Solution File, Format Version 12.00
# Visual Studio 15
VisualStudioVersion = 15.0.26430.6
MinimumVisualStudioVersion = 10.0.40219.1
Project("{FAE04EC0-301F-11D3-BF4B-00C04F79EFBC}") = "Sample1_HelloWorld", "Labactivity1_DelaRosa\Sample1_HelloWorld.csproj", "{2448B7FF-3559-45AE-8362-36F88991791F}"
EndProject
Project("{FAE04EC0-301F-11D3-BF4B-00C04F79EFBC}") = "Sample2_MyProfile", "Sample2_MyProfile\Sample2_MyProfile.csproj", "{CEF016DB-CC12-448D-B021-12BBC266738C}"
EndProject
Project("{FAE04EC0-301F-11D3-BF4B-00C04F79EFBC}") = "Sample3_InputMyName", "Sample3_InputMyName\Sample3_InputMyName.csproj", "{8A73EA17-B22F-4AD8-B3D7-F44DA6C44DB9}"
EndProject
Global
	GlobalSection(SolutionConfigurationPlatforms) = preSolution
		Debug|Any CPU = Debug|Any CPU
		Release|Any CPU = Release|Any CPU
	EndGlobalSection
	GlobalSection(ProjectConfigurationPlatforms) = postSolution
		{2448B7FF-3559-45AE-8362-36F88991791F}.Debug|Any CPU.ActiveCfg = Debug|Any CPU
		{2448B7FF-3559-45AE-8362-36F88991791F}.Debug|Any CPU.Build.0 = Debug|Any CPU
		{2448B7FF-3559-45AE-8362-36F88991791F}.Release|Any CPU.ActiveCfg = Release|Any CPU
		{2448B7FF-3559-45AE-8362-36F88991791F}.Release|Any CPU.Build.0 = Release|Any CPU
		{CEF016DB-CC12-448D-B021-12BBC266738C}.Debug|Any CPU.ActiveCfg = Debug|Any CPU
		{CEF016DB-CC12-448D-B021-12BBC266738C}.Debug|Any CPU.Build.0 = Debug|Any CPU
		{CEF016DB-CC12-448D-B021-12BBC266738C}.Release|Any CPU.ActiveCfg = Release|Any CPU
		{CEF016DB-CC12-448D-B021-12BBC266738C}.Release|Any CPU.Build.0 = Release|Any CPU
		{8A73EA17-B22F-4AD8-B3D7-F44DA6C44DB9}.Debug|Any CPU.ActiveCfg = Debug|Any CPU
		{8A73EA17-B22F-4AD8-B3D7-F44DA6C44DB9}.Debug|Any CPU.Build.0 = Debug|Any CPU
		{8A73EA17-B22F-4AD8-B3D7-F44DA6C44DB9}.Release|Any CPU.ActiveCfg = Release|Any CPU
		{8A73EA17-B22F-4AD8-B3D7-F44DA6C44DB9}.Release|Any CPU.Build.0 = Release|Any CPU
	EndGlobalSection
	GlobalSection(SolutionProperties) = preSolution
		HideSolutionNode = FALSE
	EndGlobalSection
EndGlobal
